
Microsoft Visual Studio Solution File, Format Version 12.00
# Visual Studio 15
VisualStudioVersion = 15.0.26124.0
MinimumVisualStudioVersion = 15.0.26124.0
Project("{FAE04EC0-301F-11D3-BF4B-00C04F79EFBC}") = "API", "API\API.csproj", "{0AE0DF1A-E474-4AB9-8F63-FB5B6D0B1426}"
EndProject
Project("{FAE04EC0-301F-11D3-BF4B-00C04F79EFBC}") = "Application", "Application\Application.csproj", "{7418C209-7EE1-429C-A9E9-AF3D78D46BA3}"
EndProject
Project("{FAE04EC0-301F-11D3-BF4B-00C04F79EFBC}") = "Domain", "Domain\Domain.csproj", "{B470818C-9223-4AF9-B2F1-9F262C30730C}"
EndProject
Project("{FAE04EC0-301F-11D3-BF4B-00C04F79EFBC}") = "Persistence", "Persistence\Persistence.csproj", "{996A474A-3010-4D03-8406-441F1FE31D6D}"
EndProject
Global
	GlobalSection(SolutionConfigurationPlatforms) = preSolution
		Debug|Any CPU = Debug|Any CPU
		Debug|x64 = Debug|x64
		Debug|x86 = Debug|x86
		Release|Any CPU = Release|Any CPU
		Release|x64 = Release|x64
		Release|x86 = Release|x86
	EndGlobalSection
	GlobalSection(SolutionProperties) = preSolution
		HideSolutionNode = FALSE
	EndGlobalSection
	GlobalSection(ProjectConfigurationPlatforms) = postSolution
		{0AE0DF1A-E474-4AB9-8F63-FB5B6D0B1426}.Debug|Any CPU.ActiveCfg = Debug|Any CPU
		{0AE0DF1A-E474-4AB9-8F63-FB5B6D0B1426}.Debug|Any CPU.Build.0 = Debug|Any CPU
		{0AE0DF1A-E474-4AB9-8F63-FB5B6D0B1426}.Debug|x64.ActiveCfg = Debug|Any CPU
		{0AE0DF1A-E474-4AB9-8F63-FB5B6D0B1426}.Debug|x64.Build.0 = Debug|Any CPU
		{0AE0DF1A-E474-4AB9-8F63-FB5B6D0B1426}.Debug|x86.ActiveCfg = Debug|Any CPU
		{0AE0DF1A-E474-4AB9-8F63-FB5B6D0B1426}.Debug|x86.Build.0 = Debug|Any CPU
		{0AE0DF1A-E474-4AB9-8F63-FB5B6D0B1426}.Release|Any CPU.ActiveCfg = Release|Any CPU
		{0AE0DF1A-E474-4AB9-8F63-FB5B6D0B1426}.Release|Any CPU.Build.0 = Release|Any CPU
		{0AE0DF1A-E474-4AB9-8F63-FB5B6D0B1426}.Release|x64.ActiveCfg = Release|Any CPU
		{0AE0DF1A-E474-4AB9-8F63-FB5B6D0B1426}.Release|x64.Build.0 = Release|Any CPU
		{0AE0DF1A-E474-4AB9-8F63-FB5B6D0B1426}.Release|x86.ActiveCfg = Release|Any CPU
		{0AE0DF1A-E474-4AB9-8F63-FB5B6D0B1426}.Release|x86.Build.0 = Release|Any CPU
		{7418C209-7EE1-429C-A9E9-AF3D78D46BA3}.Debug|Any CPU.ActiveCfg = Debug|Any CPU
		{7418C209-7EE1-429C-A9E9-AF3D78D46BA3}.Debug|Any CPU.Build.0 = Debug|Any CPU
		{7418C209-7EE1-429C-A9E9-AF3D78D46BA3}.Debug|x64.ActiveCfg = Debug|Any CPU
		{7418C209-7EE1-429C-A9E9-AF3D78D46BA3}.Debug|x64.Build.0 = Debug|Any CPU
		{7418C209-7EE1-429C-A9E9-AF3D78D46BA3}.Debug|x86.ActiveCfg = Debug|Any CPU
		{7418C209-7EE1-429C-A9E9-AF3D78D46BA3}.Debug|x86.Build.0 = Debug|Any CPU
		{7418C209-7EE1-429C-A9E9-AF3D78D46BA3}.Release|Any CPU.ActiveCfg = Release|Any CPU
		{7418C209-7EE1-429C-A9E9-AF3D78D46BA3}.Release|Any CPU.Build.0 = Release|Any CPU
		{7418C209-7EE1-429C-A9E9-AF3D78D46BA3}.Release|x64.ActiveCfg = Release|Any CPU
		{7418C209-7EE1-429C-A9E9-AF3D78D46BA3}.Release|x64.Build.0 = Release|Any CPU
		{7418C209-7EE1-429C-A9E9-AF3D78D46BA3}.Release|x86.ActiveCfg = Release|Any CPU
		{7418C209-7EE1-429C-A9E9-AF3D78D46BA3}.Release|x86.Build.0 = Release|Any CPU
		{B470818C-9223-4AF9-B2F1-9F262C30730C}.Debug|Any CPU.ActiveCfg = Debug|Any CPU
		{B470818C-9223-4AF9-B2F1-9F262C30730C}.Debug|Any CPU.Build.0 = Debug|Any CPU
		{B470818C-9223-4AF9-B2F1-9F262C30730C}.Debug|x64.ActiveCfg = Debug|Any CPU
		{B470818C-9223-4AF9-B2F1-9F262C30730C}.Debug|x64.Build.0 = Debug|Any CPU
		{B470818C-9223-4AF9-B2F1-9F262C30730C}.Debug|x86.ActiveCfg = Debug|Any CPU
		{B470818C-9223-4AF9-B2F1-9F262C30730C}.Debug|x86.Build.0 = Debug|Any CPU
		{B470818C-9223-4AF9-B2F1-9F262C30730C}.Release|Any CPU.ActiveCfg = Release|Any CPU
		{B470818C-9223-4AF9-B2F1-9F262C30730C}.Release|Any CPU.Build.0 = Release|Any CPU
		{B470818C-9223-4AF9-B2F1-9F262C30730C}.Release|x64.ActiveCfg = Release|Any CPU
		{B470818C-9223-4AF9-B2F1-9F262C30730C}.Release|x64.Build.0 = Release|Any CPU
		{B470818C-9223-4AF9-B2F1-9F262C30730C}.Release|x86.ActiveCfg = Release|Any CPU
		{B470818C-9223-4AF9-B2F1-9F262C30730C}.Release|x86.Build.0 = Release|Any CPU
		{996A474A-3010-4D03-8406-441F1FE31D6D}.Debug|Any CPU.ActiveCfg = Debug|Any CPU
		{996A474A-3010-4D03-8406-441F1FE31D6D}.Debug|Any CPU.Build.0 = Debug|Any CPU
		{996A474A-3010-4D03-8406-441F1FE31D6D}.Debug|x64.ActiveCfg = Debug|Any CPU
		{996A474A-3010-4D03-8406-441F1FE31D6D}.Debug|x64.Build.0 = Debug|Any CPU
		{996A474A-3010-4D03-8406-441F1FE31D6D}.Debug|x86.ActiveCfg = Debug|Any CPU
		{996A474A-3010-4D03-8406-441F1FE31D6D}.Debug|x86.Build.0 = Debug|Any CPU
		{996A474A-3010-4D03-8406-441F1FE31D6D}.Release|Any CPU.ActiveCfg = Release|Any CPU
		{996A474A-3010-4D03-8406-441F1FE31D6D}.Release|Any CPU.Build.0 = Release|Any CPU
		{996A474A-3010-4D03-8406-441F1FE31D6D}.Release|x64.ActiveCfg = Release|Any CPU
		{996A474A-3010-4D03-8406-441F1FE31D6D}.Release|x64.Build.0 = Release|Any CPU
		{996A474A-3010-4D03-8406-441F1FE31D6D}.Release|x86.ActiveCfg = Release|Any CPU
		{996A474A-3010-4D03-8406-441F1FE31D6D}.Release|x86.Build.0 = Release|Any CPU
	EndGlobalSection
EndGlobal
